
Microsoft Visual Studio Solution File, Format Version 12.00
# Visual Studio Version 16
VisualStudioVersion = 16.0.32228.343
MinimumVisualStudioVersion = 10.0.40219.1
Project("{9A19103F-16F7-4668-BE54-9A1E7A4F7556}") = "Calculadora", "Calculadora.csproj", "{6B3474DF-FE76-4D12-97A6-694403C47A41}"
EndProject
Project("{9A19103F-16F7-4668-BE54-9A1E7A4F7556}") = "CalculadoraTeste", "..\CalculadoraTeste\CalculadoraTeste.csproj", "{1AEFAD49-9595-4569-A821-CC26F0645EF2}"
EndProject
Global
	GlobalSection(SolutionConfigurationPlatforms) = preSolution
		Debug|Any CPU = Debug|Any CPU
		Release|Any CPU = Release|Any CPU
	EndGlobalSection
	GlobalSection(ProjectConfigurationPlatforms) = postSolution
		{6B3474DF-FE76-4D12-97A6-694403C47A41}.Debug|Any CPU.ActiveCfg = Debug|Any CPU
		{6B3474DF-FE76-4D12-97A6-694403C47A41}.Debug|Any CPU.Build.0 = Debug|Any CPU
		{6B3474DF-FE76-4D12-97A6-694403C47A41}.Release|Any CPU.ActiveCfg = Release|Any CPU
		{6B3474DF-FE76-4D12-97A6-694403C47A41}.Release|Any CPU.Build.0 = Release|Any CPU
		{1AEFAD49-9595-4569-A821-CC26F0645EF2}.Debug|Any CPU.ActiveCfg = Debug|Any CPU
		{1AEFAD49-9595-4569-A821-CC26F0645EF2}.Debug|Any CPU.Build.0 = Debug|Any CPU
		{1AEFAD49-9595-4569-A821-CC26F0645EF2}.Release|Any CPU.ActiveCfg = Release|Any CPU
		{1AEFAD49-9595-4569-A821-CC26F0645EF2}.Release|Any CPU.Build.0 = Release|Any CPU
	EndGlobalSection
	GlobalSection(SolutionProperties) = preSolution
		HideSolutionNode = FALSE
	EndGlobalSection
	GlobalSection(ExtensibilityGlobals) = postSolution
		SolutionGuid = {F503E98F-A0B0-40D9-8B8D-06FFE47396A5}
	EndGlobalSection
EndGlobal
