
Microsoft Visual Studio Solution File, Format Version 12.00
# Visual Studio Version 17
VisualStudioVersion = 17.2.32526.322
MinimumVisualStudioVersion = 10.0.40219.1
Project("{FAE04EC0-301F-11D3-BF4B-00C04F79EFBC}") = "Api.LojaoBazar", "Api.LojaoBazar\Api.LojaoBazar.csproj", "{0A6F8972-5D82-4AA9-8BA3-C5C94211D333}"
EndProject
Project("{FAE04EC0-301F-11D3-BF4B-00C04F79EFBC}") = "Api.LojaoBazar.Application", "Api.LojaoBazar.Application\Api.LojaoBazar.Application.csproj", "{2A09A4F4-3913-44F4-89E2-26B2C149797B}"
EndProject
Project("{FAE04EC0-301F-11D3-BF4B-00C04F79EFBC}") = "Api.LojaoBazar.Domain", "Api.LojaoBazar.Domain\Api.LojaoBazar.Domain.csproj", "{7ACD08A8-6337-4C06-A4ED-912B2DA6AA99}"
EndProject
Project("{FAE04EC0-301F-11D3-BF4B-00C04F79EFBC}") = "Api.LojaoBazar.Infra.Data", "Api.LojaoBazar.Infra.Data\Api.LojaoBazar.Infra.Data.csproj", "{414956D0-23BA-4132-ACE6-6A71C7D3FDB0}"
EndProject
Project("{FAE04EC0-301F-11D3-BF4B-00C04F79EFBC}") = "Api.LojaoBazar.Infra.Http", "Api.LojaoBazar.Infra.Http\Api.LojaoBazar.Infra.Http.csproj", "{2B85BA66-96D0-4306-8F25-0A6C86342DD2}"
EndProject
Project("{FAE04EC0-301F-11D3-BF4B-00C04F79EFBC}") = "Api.LojaoBazar.Tests", "Api.LojaoBazar.Tests\Api.LojaoBazar.Tests.csproj", "{C6A023AD-45E6-4D48-9247-873AA8EADF73}"
EndProject
Global
	GlobalSection(SolutionConfigurationPlatforms) = preSolution
		Debug|Any CPU = Debug|Any CPU
		Release|Any CPU = Release|Any CPU
	EndGlobalSection
	GlobalSection(ProjectConfigurationPlatforms) = postSolution
		{0A6F8972-5D82-4AA9-8BA3-C5C94211D333}.Debug|Any CPU.ActiveCfg = Debug|Any CPU
		{0A6F8972-5D82-4AA9-8BA3-C5C94211D333}.Debug|Any CPU.Build.0 = Debug|Any CPU
		{0A6F8972-5D82-4AA9-8BA3-C5C94211D333}.Release|Any CPU.ActiveCfg = Release|Any CPU
		{0A6F8972-5D82-4AA9-8BA3-C5C94211D333}.Release|Any CPU.Build.0 = Release|Any CPU
		{2A09A4F4-3913-44F4-89E2-26B2C149797B}.Debug|Any CPU.ActiveCfg = Debug|Any CPU
		{2A09A4F4-3913-44F4-89E2-26B2C149797B}.Debug|Any CPU.Build.0 = Debug|Any CPU
		{2A09A4F4-3913-44F4-89E2-26B2C149797B}.Release|Any CPU.ActiveCfg = Release|Any CPU
		{2A09A4F4-3913-44F4-89E2-26B2C149797B}.Release|Any CPU.Build.0 = Release|Any CPU
		{7ACD08A8-6337-4C06-A4ED-912B2DA6AA99}.Debug|Any CPU.ActiveCfg = Debug|Any CPU
		{7ACD08A8-6337-4C06-A4ED-912B2DA6AA99}.Debug|Any CPU.Build.0 = Debug|Any CPU
		{7ACD08A8-6337-4C06-A4ED-912B2DA6AA99}.Release|Any CPU.ActiveCfg = Release|Any CPU
		{7ACD08A8-6337-4C06-A4ED-912B2DA6AA99}.Release|Any CPU.Build.0 = Release|Any CPU
		{414956D0-23BA-4132-ACE6-6A71C7D3FDB0}.Debug|Any CPU.ActiveCfg = Debug|Any CPU
		{414956D0-23BA-4132-ACE6-6A71C7D3FDB0}.Debug|Any CPU.Build.0 = Debug|Any CPU
		{414956D0-23BA-4132-ACE6-6A71C7D3FDB0}.Release|Any CPU.ActiveCfg = Release|Any CPU
		{414956D0-23BA-4132-ACE6-6A71C7D3FDB0}.Release|Any CPU.Build.0 = Release|Any CPU
		{2B85BA66-96D0-4306-8F25-0A6C86342DD2}.Debug|Any CPU.ActiveCfg = Debug|Any CPU
		{2B85BA66-96D0-4306-8F25-0A6C86342DD2}.Debug|Any CPU.Build.0 = Debug|Any CPU
		{2B85BA66-96D0-4306-8F25-0A6C86342DD2}.Release|Any CPU.ActiveCfg = Release|Any CPU
		{2B85BA66-96D0-4306-8F25-0A6C86342DD2}.Release|Any CPU.Build.0 = Release|Any CPU
		{C6A023AD-45E6-4D48-9247-873AA8EADF73}.Debug|Any CPU.ActiveCfg = Debug|Any CPU
		{C6A023AD-45E6-4D48-9247-873AA8EADF73}.Debug|Any CPU.Build.0 = Debug|Any CPU
		{C6A023AD-45E6-4D48-9247-873AA8EADF73}.Release|Any CPU.ActiveCfg = Release|Any CPU
		{C6A023AD-45E6-4D48-9247-873AA8EADF73}.Release|Any CPU.Build.0 = Release|Any CPU
	EndGlobalSection
	GlobalSection(SolutionProperties) = preSolution
		HideSolutionNode = FALSE
	EndGlobalSection
	GlobalSection(ExtensibilityGlobals) = postSolution
		SolutionGuid = {1A907611-F319-45F1-9AFD-CEE3090E8CD9}
	EndGlobalSection
EndGlobal
