
Microsoft Visual Studio Solution File, Format Version 12.00
# Visual Studio Version 17
VisualStudioVersion = 17.2.32602.215
MinimumVisualStudioVersion = 10.0.40219.1
Project("{9A19103F-16F7-4668-BE54-9A1E7A4F7556}") = "ViacaoCalango.API", "ViacaoCalango\ViacaoCalango.API.csproj", "{899E8858-1F69-413D-BFA9-42728BAE6032}"
EndProject
Project("{9A19103F-16F7-4668-BE54-9A1E7A4F7556}") = "ViacaoCalango.Application", "ViacaoCalango.Application\ViacaoCalango.Application.csproj", "{5242BA0E-B68C-46E8-BB2B-A4A839AFEAC4}"
EndProject
Project("{9A19103F-16F7-4668-BE54-9A1E7A4F7556}") = "ViacaoCalango.Domain", "ViacaoCalango.Domain\ViacaoCalango.Domain.csproj", "{D46729FB-DFBF-49DD-9661-033DB21AA5BB}"
EndProject
Project("{9A19103F-16F7-4668-BE54-9A1E7A4F7556}") = "ViacaoCalango.Infra.Data", "ViacaoCalango.Infra.Data\ViacaoCalango.Infra.Data.csproj", "{2614730D-AE75-4316-9964-72F33E038260}"
EndProject
Project("{9A19103F-16F7-4668-BE54-9A1E7A4F7556}") = "ViacaoCalango.Tests", "ViacaoCalango.Tests\ViacaoCalango.Tests.csproj", "{F85E3887-536E-472C-9B37-447080325A24}"
EndProject
Project("{9A19103F-16F7-4668-BE54-9A1E7A4F7556}") = "ViacaoCalango.Tests.Console", "ViacaoCalango.Tests.Console\ViacaoCalango.Tests.Console.csproj", "{023F0F89-475F-462A-BDB9-6A1E1F2B8A11}"
EndProject
Project("{FAE04EC0-301F-11D3-BF4B-00C04F79EFBC}") = "ViacaoCalango.CrossCutting", "ViacaoCalango.CrossCutting\ViacaoCalango.CrossCutting.csproj", "{24CD745D-D565-4C75-BA76-B378D8978837}"
EndProject
Global
	GlobalSection(SolutionConfigurationPlatforms) = preSolution
		Debug|Any CPU = Debug|Any CPU
		Release|Any CPU = Release|Any CPU
	EndGlobalSection
	GlobalSection(ProjectConfigurationPlatforms) = postSolution
		{899E8858-1F69-413D-BFA9-42728BAE6032}.Debug|Any CPU.ActiveCfg = Debug|Any CPU
		{899E8858-1F69-413D-BFA9-42728BAE6032}.Debug|Any CPU.Build.0 = Debug|Any CPU
		{899E8858-1F69-413D-BFA9-42728BAE6032}.Release|Any CPU.ActiveCfg = Release|Any CPU
		{899E8858-1F69-413D-BFA9-42728BAE6032}.Release|Any CPU.Build.0 = Release|Any CPU
		{5242BA0E-B68C-46E8-BB2B-A4A839AFEAC4}.Debug|Any CPU.ActiveCfg = Debug|Any CPU
		{5242BA0E-B68C-46E8-BB2B-A4A839AFEAC4}.Debug|Any CPU.Build.0 = Debug|Any CPU
		{5242BA0E-B68C-46E8-BB2B-A4A839AFEAC4}.Release|Any CPU.ActiveCfg = Release|Any CPU
		{5242BA0E-B68C-46E8-BB2B-A4A839AFEAC4}.Release|Any CPU.Build.0 = Release|Any CPU
		{D46729FB-DFBF-49DD-9661-033DB21AA5BB}.Debug|Any CPU.ActiveCfg = Debug|Any CPU
		{D46729FB-DFBF-49DD-9661-033DB21AA5BB}.Debug|Any CPU.Build.0 = Debug|Any CPU
		{D46729FB-DFBF-49DD-9661-033DB21AA5BB}.Release|Any CPU.ActiveCfg = Release|Any CPU
		{D46729FB-DFBF-49DD-9661-033DB21AA5BB}.Release|Any CPU.Build.0 = Release|Any CPU
		{2614730D-AE75-4316-9964-72F33E038260}.Debug|Any CPU.ActiveCfg = Debug|Any CPU
		{2614730D-AE75-4316-9964-72F33E038260}.Debug|Any CPU.Build.0 = Debug|Any CPU
		{2614730D-AE75-4316-9964-72F33E038260}.Release|Any CPU.ActiveCfg = Release|Any CPU
		{2614730D-AE75-4316-9964-72F33E038260}.Release|Any CPU.Build.0 = Release|Any CPU
		{F85E3887-536E-472C-9B37-447080325A24}.Debug|Any CPU.ActiveCfg = Debug|Any CPU
		{F85E3887-536E-472C-9B37-447080325A24}.Debug|Any CPU.Build.0 = Debug|Any CPU
		{F85E3887-536E-472C-9B37-447080325A24}.Release|Any CPU.ActiveCfg = Release|Any CPU
		{F85E3887-536E-472C-9B37-447080325A24}.Release|Any CPU.Build.0 = Release|Any CPU
		{023F0F89-475F-462A-BDB9-6A1E1F2B8A11}.Debug|Any CPU.ActiveCfg = Debug|Any CPU
		{023F0F89-475F-462A-BDB9-6A1E1F2B8A11}.Debug|Any CPU.Build.0 = Debug|Any CPU
		{023F0F89-475F-462A-BDB9-6A1E1F2B8A11}.Release|Any CPU.ActiveCfg = Release|Any CPU
		{023F0F89-475F-462A-BDB9-6A1E1F2B8A11}.Release|Any CPU.Build.0 = Release|Any CPU
		{24CD745D-D565-4C75-BA76-B378D8978837}.Debug|Any CPU.ActiveCfg = Debug|Any CPU
		{24CD745D-D565-4C75-BA76-B378D8978837}.Debug|Any CPU.Build.0 = Debug|Any CPU
		{24CD745D-D565-4C75-BA76-B378D8978837}.Release|Any CPU.ActiveCfg = Release|Any CPU
		{24CD745D-D565-4C75-BA76-B378D8978837}.Release|Any CPU.Build.0 = Release|Any CPU
	EndGlobalSection
	GlobalSection(SolutionProperties) = preSolution
		HideSolutionNode = FALSE
	EndGlobalSection
	GlobalSection(ExtensibilityGlobals) = postSolution
		SolutionGuid = {422938E5-4FBF-49D3-B6FF-D159293F42CC}
	EndGlobalSection
EndGlobal
