
Microsoft Visual Studio Solution File, Format Version 12.00
# Visual Studio Version 17
VisualStudioVersion = 17.2.32526.322
MinimumVisualStudioVersion = 10.0.40219.1
Project("{FAE04EC0-301F-11D3-BF4B-00C04F79EFBC}") = "CalculadorDePolinomiais", "CalculadorDePolinomiais\CalculadorDePolinomiais.csproj", "{66B27152-EED3-4D1E-B601-F5C8C47CB84A}"
EndProject
Project("{FAE04EC0-301F-11D3-BF4B-00C04F79EFBC}") = "CalculadordePolinomiais.Application", "CalculadordePolinomiais.Application\CalculadordePolinomiais.Application.csproj", "{2DBB3006-15D3-43BF-9259-92ADC44CADE5}"
EndProject
Global
	GlobalSection(SolutionConfigurationPlatforms) = preSolution
		Debug|Any CPU = Debug|Any CPU
		Release|Any CPU = Release|Any CPU
	EndGlobalSection
	GlobalSection(ProjectConfigurationPlatforms) = postSolution
		{66B27152-EED3-4D1E-B601-F5C8C47CB84A}.Debug|Any CPU.ActiveCfg = Debug|Any CPU
		{66B27152-EED3-4D1E-B601-F5C8C47CB84A}.Debug|Any CPU.Build.0 = Debug|Any CPU
		{66B27152-EED3-4D1E-B601-F5C8C47CB84A}.Release|Any CPU.ActiveCfg = Release|Any CPU
		{66B27152-EED3-4D1E-B601-F5C8C47CB84A}.Release|Any CPU.Build.0 = Release|Any CPU
		{2DBB3006-15D3-43BF-9259-92ADC44CADE5}.Debug|Any CPU.ActiveCfg = Debug|Any CPU
		{2DBB3006-15D3-43BF-9259-92ADC44CADE5}.Debug|Any CPU.Build.0 = Debug|Any CPU
		{2DBB3006-15D3-43BF-9259-92ADC44CADE5}.Release|Any CPU.ActiveCfg = Release|Any CPU
		{2DBB3006-15D3-43BF-9259-92ADC44CADE5}.Release|Any CPU.Build.0 = Release|Any CPU
	EndGlobalSection
	GlobalSection(SolutionProperties) = preSolution
		HideSolutionNode = FALSE
	EndGlobalSection
	GlobalSection(ExtensibilityGlobals) = postSolution
		SolutionGuid = {4C91C2AA-5D47-4DA5-B2F7-8707BB820BF8}
	EndGlobalSection
EndGlobal
