
Microsoft Visual Studio Solution File, Format Version 12.00
# Visual Studio Version 17
VisualStudioVersion = 17.1.32421.90
MinimumVisualStudioVersion = 10.0.40219.1
Project("{9A19103F-16F7-4668-BE54-9A1E7A4F7556}") = "ValidacaoMetodos", "ValidacaoMetodos.csproj", "{16BEAD1B-6B34-4F55-9225-7402134779C7}"
EndProject
Global
	GlobalSection(SolutionConfigurationPlatforms) = preSolution
		Debug|Any CPU = Debug|Any CPU
		Release|Any CPU = Release|Any CPU
	EndGlobalSection
	GlobalSection(ProjectConfigurationPlatforms) = postSolution
		{16BEAD1B-6B34-4F55-9225-7402134779C7}.Debug|Any CPU.ActiveCfg = Debug|Any CPU
		{16BEAD1B-6B34-4F55-9225-7402134779C7}.Debug|Any CPU.Build.0 = Debug|Any CPU
		{16BEAD1B-6B34-4F55-9225-7402134779C7}.Release|Any CPU.ActiveCfg = Release|Any CPU
		{16BEAD1B-6B34-4F55-9225-7402134779C7}.Release|Any CPU.Build.0 = Release|Any CPU
	EndGlobalSection
	GlobalSection(SolutionProperties) = preSolution
		HideSolutionNode = FALSE
	EndGlobalSection
	GlobalSection(ExtensibilityGlobals) = postSolution
		SolutionGuid = {D50AE026-4EAC-44D2-AA07-E3320491B549}
	EndGlobalSection
EndGlobal
