
Microsoft Visual Studio Solution File, Format Version 12.00
# Visual Studio Version 16
VisualStudioVersion = 16.0.32510.428
MinimumVisualStudioVersion = 10.0.40219.1
Project("{FAE04EC0-301F-11D3-BF4B-00C04F79EFBC}") = "BazarLojaApi", "BazarLojaApi\BazarLojaApi.csproj", "{E35317CF-E516-487C-A774-1324C5E76174}"
EndProject
Project("{FAE04EC0-301F-11D3-BF4B-00C04F79EFBC}") = "BazarLojaApi.Application", "BazarLojaApi.Application\BazarLojaApi.Application.csproj", "{E9CFD0F7-B57C-4FDC-B5CC-4DD2C2BA26B9}"
EndProject
Project("{FAE04EC0-301F-11D3-BF4B-00C04F79EFBC}") = "BazarLojaApi.Domain", "BazarLojaApi.Domain\BazarLojaApi.Domain.csproj", "{FC433A00-5693-449F-8F06-ECCD164653B5}"
EndProject
Project("{FAE04EC0-301F-11D3-BF4B-00C04F79EFBC}") = "BazarLojaApi.Infra.Http", "BazarLojaApi.Infra.Http\BazarLojaApi.Infra.Http.csproj", "{DDF1F525-A588-44DE-A4A8-86F477FA62FB}"
EndProject
Project("{FAE04EC0-301F-11D3-BF4B-00C04F79EFBC}") = "BazarLojaApi.Tests", "BazarLojaApi.Tests\BazarLojaApi.Tests.csproj", "{4A2B20BC-E5DE-4129-804D-BC8A962227CA}"
EndProject
Global
	GlobalSection(SolutionConfigurationPlatforms) = preSolution
		Debug|Any CPU = Debug|Any CPU
		Release|Any CPU = Release|Any CPU
	EndGlobalSection
	GlobalSection(ProjectConfigurationPlatforms) = postSolution
		{E35317CF-E516-487C-A774-1324C5E76174}.Debug|Any CPU.ActiveCfg = Debug|Any CPU
		{E35317CF-E516-487C-A774-1324C5E76174}.Debug|Any CPU.Build.0 = Debug|Any CPU
		{E35317CF-E516-487C-A774-1324C5E76174}.Release|Any CPU.ActiveCfg = Release|Any CPU
		{E35317CF-E516-487C-A774-1324C5E76174}.Release|Any CPU.Build.0 = Release|Any CPU
		{E9CFD0F7-B57C-4FDC-B5CC-4DD2C2BA26B9}.Debug|Any CPU.ActiveCfg = Debug|Any CPU
		{E9CFD0F7-B57C-4FDC-B5CC-4DD2C2BA26B9}.Debug|Any CPU.Build.0 = Debug|Any CPU
		{E9CFD0F7-B57C-4FDC-B5CC-4DD2C2BA26B9}.Release|Any CPU.ActiveCfg = Release|Any CPU
		{E9CFD0F7-B57C-4FDC-B5CC-4DD2C2BA26B9}.Release|Any CPU.Build.0 = Release|Any CPU
		{FC433A00-5693-449F-8F06-ECCD164653B5}.Debug|Any CPU.ActiveCfg = Debug|Any CPU
		{FC433A00-5693-449F-8F06-ECCD164653B5}.Debug|Any CPU.Build.0 = Debug|Any CPU
		{FC433A00-5693-449F-8F06-ECCD164653B5}.Release|Any CPU.ActiveCfg = Release|Any CPU
		{FC433A00-5693-449F-8F06-ECCD164653B5}.Release|Any CPU.Build.0 = Release|Any CPU
		{DDF1F525-A588-44DE-A4A8-86F477FA62FB}.Debug|Any CPU.ActiveCfg = Debug|Any CPU
		{DDF1F525-A588-44DE-A4A8-86F477FA62FB}.Debug|Any CPU.Build.0 = Debug|Any CPU
		{DDF1F525-A588-44DE-A4A8-86F477FA62FB}.Release|Any CPU.ActiveCfg = Release|Any CPU
		{DDF1F525-A588-44DE-A4A8-86F477FA62FB}.Release|Any CPU.Build.0 = Release|Any CPU
		{4A2B20BC-E5DE-4129-804D-BC8A962227CA}.Debug|Any CPU.ActiveCfg = Debug|Any CPU
		{4A2B20BC-E5DE-4129-804D-BC8A962227CA}.Debug|Any CPU.Build.0 = Debug|Any CPU
		{4A2B20BC-E5DE-4129-804D-BC8A962227CA}.Release|Any CPU.ActiveCfg = Release|Any CPU
		{4A2B20BC-E5DE-4129-804D-BC8A962227CA}.Release|Any CPU.Build.0 = Release|Any CPU
	EndGlobalSection
	GlobalSection(SolutionProperties) = preSolution
		HideSolutionNode = FALSE
	EndGlobalSection
	GlobalSection(ExtensibilityGlobals) = postSolution
		SolutionGuid = {E322066D-25EA-43BC-8061-CE843E15283A}
	EndGlobalSection
EndGlobal
