
Microsoft Visual Studio Solution File, Format Version 12.00
# Visual Studio Version 16
VisualStudioVersion = 16.0.32228.343
MinimumVisualStudioVersion = 10.0.40219.1
Project("{9A19103F-16F7-4668-BE54-9A1E7A4F7556}") = "WebServiceCorreiosConsultaCEP", "WebServiceCorreiosConsultaCEP.csproj", "{A38EBAD4-A7DB-4383-96FA-049D9C34978A}"
EndProject
Project("{FAE04EC0-301F-11D3-BF4B-00C04F79EFBC}") = "CalculaFrete", "..\CalculaFrete\CalculaFrete.csproj", "{88C46368-8D3E-4E53-9468-E7435FE2F4DA}"
EndProject
Global
	GlobalSection(SolutionConfigurationPlatforms) = preSolution
		Debug|Any CPU = Debug|Any CPU
		Release|Any CPU = Release|Any CPU
	EndGlobalSection
	GlobalSection(ProjectConfigurationPlatforms) = postSolution
		{A38EBAD4-A7DB-4383-96FA-049D9C34978A}.Debug|Any CPU.ActiveCfg = Debug|Any CPU
		{A38EBAD4-A7DB-4383-96FA-049D9C34978A}.Debug|Any CPU.Build.0 = Debug|Any CPU
		{A38EBAD4-A7DB-4383-96FA-049D9C34978A}.Release|Any CPU.ActiveCfg = Release|Any CPU
		{A38EBAD4-A7DB-4383-96FA-049D9C34978A}.Release|Any CPU.Build.0 = Release|Any CPU
		{88C46368-8D3E-4E53-9468-E7435FE2F4DA}.Debug|Any CPU.ActiveCfg = Debug|Any CPU
		{88C46368-8D3E-4E53-9468-E7435FE2F4DA}.Debug|Any CPU.Build.0 = Debug|Any CPU
		{88C46368-8D3E-4E53-9468-E7435FE2F4DA}.Release|Any CPU.ActiveCfg = Release|Any CPU
		{88C46368-8D3E-4E53-9468-E7435FE2F4DA}.Release|Any CPU.Build.0 = Release|Any CPU
	EndGlobalSection
	GlobalSection(SolutionProperties) = preSolution
		HideSolutionNode = FALSE
	EndGlobalSection
	GlobalSection(ExtensibilityGlobals) = postSolution
		SolutionGuid = {62D3F358-AD8D-4D19-8E20-1565BC3AB1BC}
	EndGlobalSection
EndGlobal
